// !$*UTF8*$!
{
	archiveVersion = 1;
	classes = {
	};
	objectVersion = 46;
	objects = {

/* Begin PBXBuildFile section */
		292BFFDE1B1D812F006ABF4D /* AppDelegate.swift in Sources */ = {isa = PBXBuildFile; fileRef = 292BFFDD1B1D812F006ABF4D /* AppDelegate.swift */; };
		292BFFE11B1D812F006ABF4D /* CoreDataDemo.xcdatamodeld in Sources */ = {isa = PBXBuildFile; fileRef = 292BFFDF1B1D812F006ABF4D /* CoreDataDemo.xcdatamodeld */; };
		292BFFE31B1D812F006ABF4D /* ViewController.swift in Sources */ = {isa = PBXBuildFile; fileRef = 292BFFE21B1D812F006ABF4D /* ViewController.swift */; };
		292BFFE61B1D812F006ABF4D /* Main.storyboard in Resources */ = {isa = PBXBuildFile; fileRef = 292BFFE41B1D812F006ABF4D /* Main.storyboard */; };
		292BFFE81B1D812F006ABF4D /* Images.xcassets in Resources */ = {isa = PBXBuildFile; fileRef = 292BFFE71B1D812F006ABF4D /* Images.xcassets */; };
		292BFFEB1B1D812F006ABF4D /* LaunchScreen.xib in Resources */ = {isa = PBXBuildFile; fileRef = 292BFFE91B1D812F006ABF4D /* LaunchScreen.xib */; };
		292BFFF71B1D812F006ABF4D /* CoreDataDemoTests.swift in Sources */ = {isa = PBXBuildFile; fileRef = 292BFFF61B1D812F006ABF4D /* CoreDataDemoTests.swift */; };
/* End PBXBuildFile section */

/* Begin PBXContainerItemProxy section */
		292BFFF11B1D812F006ABF4D /* PBXContainerItemProxy */ = {
			isa = PBXContainerItemProxy;
			containerPortal = 292BFFD01B1D812F006ABF4D /* Project object */;
			proxyType = 1;
			remoteGlobalIDString = 292BFFD71B1D812F006ABF4D;
			remoteInfo = CoreDataDemo;
		};
/* End PBXContainerItemProxy section */

/* Begin PBXFileReference section */
		292BFFD81B1D812F006ABF4D /* CoreDataDemo.app */ = {isa = PBXFileReference; explicitFileType = wrapper.application; includeInIndex = 0; path = CoreDataDemo.app; sourceTree = BUILT_PRODUCTS_DIR; };
		292BFFDC1B1D812F006ABF4D /* Info.plist */ = {isa = PBXFileReference; lastKnownFileType = text.plist.xml; path = Info.plist; sourceTree = "<group>"; };
		292BFFDD1B1D812F006ABF4D /* AppDelegate.swift */ = {isa = PBXFileReference; lastKnownFileType = sourcecode.swift; path = AppDelegate.swift; sourceTree = "<group>"; };
		292BFFE01B1D812F006ABF4D /* CoreDataDemo.xcdatamodel */ = {isa = PBXFileReference; lastKnownFileType = wrapper.xcdatamodel; path = CoreDataDemo.xcdatamodel; sourceTree = "<group>"; };
		292BFFE21B1D812F006ABF4D /* ViewController.swift */ = {isa = PBXFileReference; lastKnownFileType = sourcecode.swift; path = ViewController.swift; sourceTree = "<group>"; };
		292BFFE51B1D812F006ABF4D /* Base */ = {isa = PBXFileReference; lastKnownFileType = file.storyboard; name = Base; path = Base.lproj/Main.storyboard; sourceTree = "<group>"; };
		292BFFE71B1D812F006ABF4D /* Images.xcassets */ = {isa = PBXFileReference; lastKnownFileType = folder.assetcatalog; path = Images.xcassets; sourceTree = "<group>"; };
		292BFFEA1B1D812F006ABF4D /* Base */ = {isa = PBXFileReference; lastKnownFileType = file.xib; name = Base; path = Base.lproj/LaunchScreen.xib; sourceTree = "<group>"; };
		292BFFF01B1D812F006ABF4D /* CoreDataDemoTests.xctest */ = {isa = PBXFileReference; explicitFileType = wrapper.cfbundle; includeInIndex = 0; path = CoreDataDemoTests.xctest; sourceTree = BUILT_PRODUCTS_DIR; };
		292BFFF51B1D812F006ABF4D /* Info.plist */ = {isa = PBXFileReference; lastKnownFileType = text.plist.xml; path = Info.plist; sourceTree = "<group>"; };
		292BFFF61B1D812F006ABF4D /* CoreDataDemoTests.swift */ = {isa = PBXFileReference; lastKnownFileType = sourcecode.swift; path = CoreDataDemoTests.swift; sourceTree = "<group>"; };
/* End PBXFileReference section */

/* Begin PBXFrameworksBuildPhase section */
		292BFFD51B1D812F006ABF4D /* Frameworks */ = {
			isa = PBXFrameworksBuildPhase;
			buildActionMask = 2147483647;
			files = (
			);
			runOnlyForDeploymentPostprocessing = 0;
		};
		292BFFED1B1D812F006ABF4D /* Frameworks */ = {
			isa = PBXFrameworksBuildPhase;
			buildActionMask = 2147483647;
			files = (
			);
			runOnlyForDeploymentPostprocessing = 0;
		};
/* End PBXFrameworksBuildPhase section */

/* Begin PBXGroup section */
		292BFFCF1B1D812F006ABF4D = {
			isa = PBXGroup;
			children = (
				292BFFDA1B1D812F006ABF4D /* CoreDataDemo */,
				292BFFF31B1D812F006ABF4D /* CoreDataDemoTests */,
				292BFFD91B1D812F006ABF4D /* Products */,
			);
			sourceTree = "<group>";
		};
		292BFFD91B1D812F006ABF4D /* Products */ = {
			isa = PBXGroup;
			children = (
				292BFFD81B1D812F006ABF4D /* CoreDataDemo.app */,
				292BFFF01B1D812F006ABF4D /* CoreDataDemoTests.xctest */,
			);
			name = Products;
			sourceTree = "<group>";
		};
		292BFFDA1B1D812F006ABF4D /* CoreDataDemo */ = {
			isa = PBXGroup;
			children = (
				292BFFDD1B1D812F006ABF4D /* AppDelegate.swift */,
				292BFFE21B1D812F006ABF4D /* ViewController.swift */,
				292BFFE41B1D812F006ABF4D /* Main.storyboard */,
				292BFFE71B1D812F006ABF4D /* Images.xcassets */,
				292BFFE91B1D812F006ABF4D /* LaunchScreen.xib */,
				292BFFDF1B1D812F006ABF4D /* CoreDataDemo.xcdatamodeld */,
				292BFFDB1B1D812F006ABF4D /* Supporting Files */,
			);
			path = CoreDataDemo;
			sourceTree = "<group>";
		};
		292BFFDB1B1D812F006ABF4D /* Supporting Files */ = {
			isa = PBXGroup;
			children = (
				292BFFDC1B1D812F006ABF4D /* Info.plist */,
			);
			name = "Supporting Files";
			sourceTree = "<group>";
		};
		292BFFF31B1D812F006ABF4D /* CoreDataDemoTests */ = {
			isa = PBXGroup;
			children = (
				292BFFF61B1D812F006ABF4D /* CoreDataDemoTests.swift */,
				292BFFF41B1D812F006ABF4D /* Supporting Files */,
			);
			path = CoreDataDemoTests;
			sourceTree = "<group>";
		};
		292BFFF41B1D812F006ABF4D /* Supporting Files */ = {
			isa = PBXGroup;
			children = (
				292BFFF51B1D812F006ABF4D /* Info.plist */,
			);
			name = "Supporting Files";
			sourceTree = "<group>";
		};
/* End PBXGroup section */

/* Begin PBXNativeTarget section */
		292BFFD71B1D812F006ABF4D /* CoreDataDemo */ = {
			isa = PBXNativeTarget;
			buildConfigurationList = 292BFFFA1B1D812F006ABF4D /* Build configuration list for PBXNativeTarget "CoreDataDemo" */;
			buildPhases = (
				292BFFD41B1D812F006ABF4D /* Sources */,
				292BFFD51B1D812F006ABF4D /* Frameworks */,
				292BFFD61B1D812F006ABF4D /* Resources */,
			);
			buildRules = (
			);
			dependencies = (
			);
			name = CoreDataDemo;
			productName = CoreDataDemo;
			productReference = 292BFFD81B1D812F006ABF4D /* CoreDataDemo.app */;
			productType = "com.apple.product-type.application";
		};
		292BFFEF1B1D812F006ABF4D /* CoreDataDemoTests */ = {
			isa = PBXNativeTarget;
			buildConfigurationList = 292BFFFD1B1D812F006ABF4D /* Build configuration list for PBXNativeTarget "CoreDataDemoTests" */;
			buildPhases = (
				292BFFEC1B1D812F006ABF4D /* Sources */,
				292BFFED1B1D812F006ABF4D /* Frameworks */,
				292BFFEE1B1D812F006ABF4D /* Resources */,
			);
			buildRules = (
			);
			dependencies = (
				292BFFF21B1D812F006ABF4D /* PBXTargetDependency */,
			);
			name = CoreDataDemoTests;
			productName = CoreDataDemoTests;
			productReference = 292BFFF01B1D812F006ABF4D /* CoreDataDemoTests.xctest */;
			productType = "com.apple.product-type.bundle.unit-test";
		};
/* End PBXNativeTarget section */

/* Begin PBXProject section */
		292BFFD01B1D812F006ABF4D /* Project object */ = {
			isa = PBXProject;
			attributes = {
				LastUpgradeCheck = 0630;
				ORGANIZATIONNAME = mawaqaa;
				TargetAttributes = {
					292BFFD71B1D812F006ABF4D = {
						CreatedOnToolsVersion = 6.3.1;
					};
					292BFFEF1B1D812F006ABF4D = {
						CreatedOnToolsVersion = 6.3.1;
						TestTargetID = 292BFFD71B1D812F006ABF4D;
					};
				};
			};
			buildConfigurationList = 292BFFD31B1D812F006ABF4D /* Build configuration list for PBXProject "CoreDataDemo" */;
			compatibilityVersion = "Xcode 3.2";
			developmentRegion = English;
			hasScannedForEncodings = 0;
			knownRegions = (
				en,
				Base,
			);
			mainGroup = 292BFFCF1B1D812F006ABF4D;
			productRefGroup = 292BFFD91B1D812F006ABF4D /* Products */;
			projectDirPath = "";
			projectRoot = "";
			targets = (
				292BFFD71B1D812F006ABF4D /* CoreDataDemo */,
				292BFFEF1B1D812F006ABF4D /* CoreDataDemoTests */,
			);
		};
/* End PBXProject section */

/* Begin PBXResourcesBuildPhase section */
		292BFFD61B1D812F006ABF4D /* Resources */ = {
			isa = PBXResourcesBuildPhase;
			buildActionMask = 2147483647;
			files = (
				292BFFE61B1D812F006ABF4D /* Main.storyboard in Resources */,
				292BFFEB1B1D812F006ABF4D /* LaunchScreen.xib in Resources */,
				292BFFE81B1D812F006ABF4D /* Images.xcassets in Resources */,
			);
			runOnlyForDeploymentPostprocessing = 0;
		};
		292BFFEE1B1D812F006ABF4D /* Resources */ = {
			isa = PBXResourcesBuildPhase;
			buildActionMask = 2147483647;
			files = (
			);
			runOnlyForDeploymentPostprocessing = 0;
		};
/* End PBXResourcesBuildPhase section */

/* Begin PBXSourcesBuildPhase section */
		292BFFD41B1D812F006ABF4D /* Sources */ = {
			isa = PBXSourcesBuildPhase;
			buildActionMask = 2147483647;
			files = (
				292BFFE31B1D812F006ABF4D /* ViewController.swift in Sources */,
				292BFFDE1B1D812F006ABF4D /* AppDelegate.swift in Sources */,
				292BFFE11B1D812F006ABF4D /* CoreDataDemo.xcdatamodeld in Sources */,
			);
			runOnlyForDeploymentPostprocessing = 0;
		};
		292BFFEC1B1D812F006ABF4D /* Sources */ = {
			isa = PBXSourcesBuildPhase;
			buildActionMask = 2147483647;
			files = (
				292BFFF71B1D812F006ABF4D /* CoreDataDemoTests.swift in Sources */,
			);
			runOnlyForDeploymentPostprocessing = 0;
		};
/* End PBXSourcesBuildPhase section */

/* Begin PBXTargetDependency section */
		292BFFF21B1D812F006ABF4D /* PBXTargetDependency */ = {
			isa = PBXTargetDependency;
			target = 292BFFD71B1D812F006ABF4D /* CoreDataDemo */;
			targetProxy = 292BFFF11B1D812F006ABF4D /* PBXContainerItemProxy */;
		};
/* End PBXTargetDependency section */

/* Begin PBXVariantGroup section */
		292BFFE41B1D812F006ABF4D /* Main.storyboard */ = {
			isa = PBXVariantGroup;
			children = (
				292BFFE51B1D812F006ABF4D /* Base */,
			);
			name = Main.storyboard;
			sourceTree = "<group>";
		};
		292BFFE91B1D812F006ABF4D /* LaunchScreen.xib */ = {
			isa = PBXVariantGroup;
			children = (
				292BFFEA1B1D812F006ABF4D /* Base */,
			);
			name = LaunchScreen.xib;
			sourceTree = "<group>";
		};
/* End PBXVariantGroup section */

/* Begin XCBuildConfiguration section */
		292BFFF81B1D812F006ABF4D /* Debug */ = {
			isa = XCBuildConfiguration;
			buildSettings = {
				ALWAYS_SEARCH_USER_PATHS = NO;
				CLANG_CXX_LANGUAGE_STANDARD = "gnu++0x";
				CLANG_CXX_LIBRARY = "libc++";
				CLANG_ENABLE_MODULES = YES;
				CLANG_ENABLE_OBJC_ARC = YES;
				CLANG_WARN_BOOL_CONVERSION = YES;
				CLANG_WARN_CONSTANT_CONVERSION = YES;
				CLANG_WARN_DIRECT_OBJC_ISA_USAGE = YES_ERROR;
				CLANG_WARN_EMPTY_BODY = YES;
				CLANG_WARN_ENUM_CONVERSION = YES;
				CLANG_WARN_INT_CONVERSION = YES;
				CLANG_WARN_OBJC_ROOT_CLASS = YES_ERROR;
				CLANG_WARN_UNREACHABLE_CODE = YES;
				CLANG_WARN__DUPLICATE_METHOD_MATCH = YES;
				"CODE_SIGN_IDENTITY[sdk=iphoneos*]" = "iPhone Developer";
				COPY_PHASE_STRIP = NO;
				DEBUG_INFORMATION_FORMAT = "dwarf-with-dsym";
				ENABLE_STRICT_OBJC_MSGSEND = YES;
				GCC_C_LANGUAGE_STANDARD = gnu99;
				GCC_DYNAMIC_NO_PIC = NO;
				GCC_NO_COMMON_BLOCKS = YES;
				GCC_OPTIMIZATION_LEVEL = 0;
				GCC_PREPROCESSOR_DEFINITIONS = (
					"DEBUG=1",
					"$(inherited)",
				);
				GCC_SYMBOLS_PRIVATE_EXTERN = NO;
				GCC_WARN_64_TO_32_BIT_CONVERSION = YES;
				GCC_WARN_ABOUT_RETURN_TYPE = YES_ERROR;
				GCC_WARN_UNDECLARED_SELECTOR = YES;
				GCC_WARN_UNINITIALIZED_AUTOS = YES_AGGRESSIVE;
				GCC_WARN_UNUSED_FUNCTION = YES;
				GCC_WARN_UNUSED_VARIABLE = YES;
				IPHONEOS_DEPLOYMENT_TARGET = 8.3;
				MTL_ENABLE_DEBUG_INFO = YES;
				ONLY_ACTIVE_ARCH = YES;
				SDKROOT = iphoneos;
				SWIFT_OPTIMIZATION_LEVEL = "-Onone";
			};
			name = Debug;
		};
		292BFFF91B1D812F006ABF4D /* Release */ = {
			isa = XCBuildConfiguration;
			buildSettings = {
				ALWAYS_SEARCH_USER_PATHS = NO;
				CLANG_CXX_LANGUAGE_STANDARD = "gnu++0x";
				CLANG_CXX_LIBRARY = "libc++";
				CLANG_ENABLE_MODULES = YES;
				CLANG_ENABLE_OBJC_ARC = YES;
				CLANG_WARN_BOOL_CONVERSION = YES;
				CLANG_WARN_CONSTANT_CONVERSION = YES;
				CLANG_WARN_DIRECT_OBJC_ISA_USAGE = YES_ERROR;
				CLANG_WARN_EMPTY_BODY = YES;
				CLANG_WARN_ENUM_CONVERSION = YES;
				CLANG_WARN_INT_CONVERSION = YES;
				CLANG_WARN_OBJC_ROOT_CLASS = YES_ERROR;
				CLANG_WARN_UNREACHABLE_CODE = YES;
				CLANG_WARN__DUPLICATE_METHOD_MATCH = YES;
				"CODE_SIGN_IDENTITY[sdk=iphoneos*]" = "iPhone Developer";
				COPY_PHASE_STRIP = NO;
				DEBUG_INFORMATION_FORMAT = "dwarf-with-dsym";
				ENABLE_NS_ASSERTIONS = NO;
				ENABLE_STRICT_OBJC_MSGSEND = YES;
				GCC_C_LANGUAGE_STANDARD = gnu99;
				GCC_NO_COMMON_BLOCKS = YES;
				GCC_WARN_64_TO_32_BIT_CONVERSION = YES;
				GCC_WARN_ABOUT_RETURN_TYPE = YES_ERROR;
				GCC_WARN_UNDECLARED_SELECTOR = YES;
				GCC_WARN_UNINITIALIZED_AUTOS = YES_AGGRESSIVE;
				GCC_WARN_UNUSED_FUNCTION = YES;
				GCC_WARN_UNUSED_VARIABLE = YES;
				IPHONEOS_DEPLOYMENT_TARGET = 8.3;
				MTL_ENABLE_DEBUG_INFO = NO;
				SDKROOT = iphoneos;
				VALIDATE_PRODUCT = YES;
			};
			name = Release;
		};
		292BFFFB1B1D812F006ABF4D /* Debug */ = {
			isa = XCBuildConfiguration;
			buildSettings = {
				ASSETCATALOG_COMPILER_APPICON_NAME = AppIcon;
				INFOPLIST_FILE = CoreDataDemo/Info.plist;
				LD_RUNPATH_SEARCH_PATHS = "$(inherited) @executable_path/Frameworks";
				PRODUCT_NAME = "$(TARGET_NAME)";
			};
			name = Debug;
		};
		292BFFFC1B1D812F006ABF4D /* Release */ = {
			isa = XCBuildConfiguration;
			buildSettings = {
				ASSETCATALOG_COMPILER_APPICON_NAME = AppIcon;
				INFOPLIST_FILE = CoreDataDemo/Info.plist;
				LD_RUNPATH_SEARCH_PATHS = "$(inherited) @executable_path/Frameworks";
				PRODUCT_NAME = "$(TARGET_NAME)";
			};
			name = Release;
		};
		292BFFFE1B1D812F006ABF4D /* Debug */ = {
			isa = XCBuildConfiguration;
			buildSettings = {
				BUNDLE_LOADER = "$(TEST_HOST)";
				FRAMEWORK_SEARCH_PATHS = (
					"$(SDKROOT)/Developer/Library/Frameworks",
					"$(inherited)",
				);
				GCC_PREPROCESSOR_DEFINITIONS = (
					"DEBUG=1",
					"$(inherited)",
				);
				INFOPLIST_FILE = CoreDataDemoTests/Info.plist;
				LD_RUNPATH_SEARCH_PATHS = "$(inherited) @executable_path/Frameworks @loader_path/Frameworks";
				PRODUCT_NAME = "$(TARGET_NAME)";
				TEST_HOST = "$(BUILT_PRODUCTS_DIR)/CoreDataDemo.app/CoreDataDemo";
			};
			name = Debug;
		};
		292BFFFF1B1D812F006ABF4D /* Release */ = {
			isa = XCBuildConfiguration;
			buildSettings = {
				BUNDLE_LOADER = "$(TEST_HOST)";
				FRAMEWORK_SEARCH_PATHS = (
					"$(SDKROOT)/Developer/Library/Frameworks",
					"$(inherited)",
				);
				INFOPLIST_FILE = CoreDataDemoTests/Info.plist;
				LD_RUNPATH_SEARCH_PATHS = "$(inherited) @executable_path/Frameworks @loader_path/Frameworks";
				PRODUCT_NAME = "$(TARGET_NAME)";
				TEST_HOST = "$(BUILT_PRODUCTS_DIR)/CoreDataDemo.app/CoreDataDemo";
			};
			name = Release;
		};
/* End XCBuildConfiguration section */

/* Begin XCConfigurationList section */
		292BFFD31B1D812F006ABF4D /* Build configuration list for PBXProject "CoreDataDemo" */ = {
			isa = XCConfigurationList;
			buildConfigurations = (
				292BFFF81B1D812F006ABF4D /* Debug */,
				292BFFF91B1D812F006ABF4D /* Release */,
			);
			defaultConfigurationIsVisible = 0;
			defaultConfigurationName = Release;
		};
		292BFFFA1B1D812F006ABF4D /* Build configuration list for PBXNativeTarget "CoreDataDemo" */ = {
			isa = XCConfigurationList;
			buildConfigurations = (
				292BFFFB1B1D812F006ABF4D /* Debug */,
				292BFFFC1B1D812F006ABF4D /* Release */,
			);
			defaultConfigurationIsVisible = 0;
		};
		292BFFFD1B1D812F006ABF4D /* Build configuration list for PBXNativeTarget "CoreDataDemoTests" */ = {
			isa = XCConfigurationList;
			buildConfigurations = (
				292BFFFE1B1D812F006ABF4D /* Debug */,
				292BFFFF1B1D812F006ABF4D /* Release */,
			);
			defaultConfigurationIsVisible = 0;
		};
/* End XCConfigurationList section */

/* Begin XCVersionGroup section */
		292BFFDF1B1D812F006ABF4D /* CoreDataDemo.xcdatamodeld */ = {
			isa = XCVersionGroup;
			children = (
				292BFFE01B1D812F006ABF4D /* CoreDataDemo.xcdatamodel */,
			);
			currentVersion = 292BFFE01B1D812F006ABF4D /* CoreDataDemo.xcdatamodel */;
			path = CoreDataDemo.xcdatamodeld;
			sourceTree = "<group>";
			versionGroupType = wrapper.xcdatamodel;
		};
/* End XCVersionGroup section */
	};
	rootObject = 292BFFD01B1D812F006ABF4D /* Project object */;
}
